
Microsoft Visual Studio Solution File, Format Version 12.00
# Visual Studio 15
VisualStudioVersion = 15.0.26730.12
MinimumVisualStudioVersion = 10.0.40219.1
Project("{FAE04EC0-301F-11D3-BF4B-00C04F79EFBC}") = "WindowsFormsApp4", "WindowsFormsApp4\WindowsFormsApp4.csproj", "{7AE2094C-4700-45F5-AED3-805FC5C6EB29}"
EndProject
Global
	GlobalSection(SolutionConfigurationPlatforms) = preSolution
		Debug|Any CPU = Debug|Any CPU
		Release|Any CPU = Release|Any CPU
	EndGlobalSection
	GlobalSection(ProjectConfigurationPlatforms) = postSolution
		{7AE2094C-4700-45F5-AED3-805FC5C6EB29}.Debug|Any CPU.ActiveCfg = Debug|Any CPU
		{7AE2094C-4700-45F5-AED3-805FC5C6EB29}.Debug|Any CPU.Build.0 = Debug|Any CPU
		{7AE2094C-4700-45F5-AED3-805FC5C6EB29}.Release|Any CPU.ActiveCfg = Release|Any CPU
		{7AE2094C-4700-45F5-AED3-805FC5C6EB29}.Release|Any CPU.Build.0 = Release|Any CPU
	EndGlobalSection
	GlobalSection(SolutionProperties) = preSolution
		HideSolutionNode = FALSE
	EndGlobalSection
	GlobalSection(ExtensibilityGlobals) = postSolution
		SolutionGuid = {1801BE4C-A133-4025-BF73-E14F84B737F7}
	EndGlobalSection
EndGlobal
